
Microsoft Visual Studio Solution File, Format Version 12.00
# Visual Studio Version 16
VisualStudioVersion = 16.0.30621.155
MinimumVisualStudioVersion = 10.0.40219.1
Project("{FAE04EC0-301F-11D3-BF4B-00C04F79EFBC}") = "05112020para2", "05112020para2.csproj", "{8818851E-944B-4F8A-AE9A-BAC633DE0BA2}"
EndProject
Global
	GlobalSection(SolutionConfigurationPlatforms) = preSolution
		Debug|Any CPU = Debug|Any CPU
		Release|Any CPU = Release|Any CPU
	EndGlobalSection
	GlobalSection(ProjectConfigurationPlatforms) = postSolution
		{8818851E-944B-4F8A-AE9A-BAC633DE0BA2}.Debug|Any CPU.ActiveCfg = Debug|Any CPU
		{8818851E-944B-4F8A-AE9A-BAC633DE0BA2}.Debug|Any CPU.Build.0 = Debug|Any CPU
		{8818851E-944B-4F8A-AE9A-BAC633DE0BA2}.Release|Any CPU.ActiveCfg = Release|Any CPU
		{8818851E-944B-4F8A-AE9A-BAC633DE0BA2}.Release|Any CPU.Build.0 = Release|Any CPU
	EndGlobalSection
	GlobalSection(SolutionProperties) = preSolution
		HideSolutionNode = FALSE
	EndGlobalSection
	GlobalSection(ExtensibilityGlobals) = postSolution
		SolutionGuid = {91B255F9-98F5-4DDB-BB24-1EB3B9F2F321}
	EndGlobalSection
EndGlobal
